
Microsoft Visual Studio Solution File, Format Version 12.00
# Visual Studio Version 17
VisualStudioVersion = 17.2.32630.192
MinimumVisualStudioVersion = 10.0.40219.1
Project("{9A19103F-16F7-4668-BE54-9A1E7A4F7556}") = "R5T.F0053.Construction", "R5T.F0053.Construction\R5T.F0053.Construction.csproj", "{111A4228-C85D-47AA-A03F-466965CE1152}"
EndProject
Project("{9A19103F-16F7-4668-BE54-9A1E7A4F7556}") = "R5T.F0053", "R5T.F0053\R5T.F0053.csproj", "{60EE28CB-3BDF-48A9-96FF-D8EFDA0EA620}"
EndProject
Project("{2150E333-8FDC-42A3-9474-1A3956D46DE8}") = "_Dependencies", "_Dependencies", "{2509D605-F9D5-4E95-9110-FCE328CD71D2}"
EndProject
Project("{9A19103F-16F7-4668-BE54-9A1E7A4F7556}") = "R5T.F0054", "..\..\R5T.F0054\source\R5T.F0054\R5T.F0054.csproj", "{31F039CF-4285-43BF-B1DC-1C29BBDFE43A}"
EndProject
Project("{9A19103F-16F7-4668-BE54-9A1E7A4F7556}") = "R5T.L0066", "..\..\R5T.L0066\source\R5T.L0066\R5T.L0066.csproj", "{865674DE-EC9A-473E-B2F8-FBAD67903B78}"
EndProject
Project("{9A19103F-16F7-4668-BE54-9A1E7A4F7556}") = "R5T.T0131", "..\..\R5T.T0131\source\R5T.T0131\R5T.T0131.csproj", "{3ADF1EF5-DAA6-42C9-AA97-560B3778F3FC}"
EndProject
Project("{9A19103F-16F7-4668-BE54-9A1E7A4F7556}") = "R5T.T0132", "..\..\R5T.T0132\source\R5T.T0132\R5T.T0132.csproj", "{78E1D71B-EA89-4FD1-AC3E-ABF9CE089EBB}"
EndProject
Project("{9A19103F-16F7-4668-BE54-9A1E7A4F7556}") = "R5T.T0142", "..\..\R5T.T0142\source\R5T.T0142\R5T.T0142.csproj", "{912DEB69-96B2-4A03-A8C7-F4A9987FA713}"
EndProject
Project("{9A19103F-16F7-4668-BE54-9A1E7A4F7556}") = "R5T.T0143", "..\..\R5T.T0143\source\R5T.T0143\R5T.T0143.csproj", "{E8B94E45-5EAA-43B4-8CEE-8C797FE9A77F}"
EndProject
Project("{9A19103F-16F7-4668-BE54-9A1E7A4F7556}") = "R5T.T0156", "..\..\R5T.T0156\source\R5T.T0156\R5T.T0156.csproj", "{B970A4C3-CB32-4D66-B319-DEC7C0F32FB9}"
EndProject
Project("{9A19103F-16F7-4668-BE54-9A1E7A4F7556}") = "R5T.T0241", "..\..\R5T.T0241\source\R5T.T0241\R5T.T0241.csproj", "{FFF43094-BD64-43A0-BA0F-A6E842D20E9E}"
EndProject
Project("{9A19103F-16F7-4668-BE54-9A1E7A4F7556}") = "R5T.Y0006", "..\..\R5T.Y0006\source\R5T.Y0006\R5T.Y0006.csproj", "{2D034F21-126E-4E7E-A736-D118245D5335}"
EndProject
Project("{9A19103F-16F7-4668-BE54-9A1E7A4F7556}") = "R5T.Z0072.Z000", "..\..\R5T.Z0072\source\R5T.Z0072.Z000\R5T.Z0072.Z000.csproj", "{49CA59E8-31D2-4902-8CAB-A688FE41C52A}"
EndProject
Project("{9A19103F-16F7-4668-BE54-9A1E7A4F7556}") = "R5T.Z0072.Z002", "..\..\R5T.Z0072\source\R5T.Z0072.Z002\R5T.Z0072.Z002.csproj", "{387F962B-A1A8-45D2-815C-2AE2A9D24A94}"
EndProject
Global
	GlobalSection(NestedProjects) = preSolution
		{31F039CF-4285-43BF-B1DC-1C29BBDFE43A} = {2509D605-F9D5-4E95-9110-FCE328CD71D2}
		{865674DE-EC9A-473E-B2F8-FBAD67903B78} = {2509D605-F9D5-4E95-9110-FCE328CD71D2}
		{3ADF1EF5-DAA6-42C9-AA97-560B3778F3FC} = {2509D605-F9D5-4E95-9110-FCE328CD71D2}
		{78E1D71B-EA89-4FD1-AC3E-ABF9CE089EBB} = {2509D605-F9D5-4E95-9110-FCE328CD71D2}
		{912DEB69-96B2-4A03-A8C7-F4A9987FA713} = {2509D605-F9D5-4E95-9110-FCE328CD71D2}
		{E8B94E45-5EAA-43B4-8CEE-8C797FE9A77F} = {2509D605-F9D5-4E95-9110-FCE328CD71D2}
		{B970A4C3-CB32-4D66-B319-DEC7C0F32FB9} = {2509D605-F9D5-4E95-9110-FCE328CD71D2}
		{FFF43094-BD64-43A0-BA0F-A6E842D20E9E} = {2509D605-F9D5-4E95-9110-FCE328CD71D2}
		{2D034F21-126E-4E7E-A736-D118245D5335} = {2509D605-F9D5-4E95-9110-FCE328CD71D2}
		{49CA59E8-31D2-4902-8CAB-A688FE41C52A} = {2509D605-F9D5-4E95-9110-FCE328CD71D2}
		{387F962B-A1A8-45D2-815C-2AE2A9D24A94} = {2509D605-F9D5-4E95-9110-FCE328CD71D2}
	EndGlobalSection
	GlobalSection(SolutionConfigurationPlatforms) = preSolution
		Debug|Any CPU = Debug|Any CPU
		Release|Any CPU = Release|Any CPU
	EndGlobalSection
	GlobalSection(ProjectConfigurationPlatforms) = postSolution
		{111A4228-C85D-47AA-A03F-466965CE1152}.Debug|Any CPU.ActiveCfg = Debug|Any CPU
		{111A4228-C85D-47AA-A03F-466965CE1152}.Debug|Any CPU.Build.0 = Debug|Any CPU
		{111A4228-C85D-47AA-A03F-466965CE1152}.Release|Any CPU.ActiveCfg = Release|Any CPU
		{111A4228-C85D-47AA-A03F-466965CE1152}.Release|Any CPU.Build.0 = Release|Any CPU
		{60EE28CB-3BDF-48A9-96FF-D8EFDA0EA620}.Debug|Any CPU.ActiveCfg = Debug|Any CPU
		{60EE28CB-3BDF-48A9-96FF-D8EFDA0EA620}.Debug|Any CPU.Build.0 = Debug|Any CPU
		{60EE28CB-3BDF-48A9-96FF-D8EFDA0EA620}.Release|Any CPU.ActiveCfg = Release|Any CPU
		{60EE28CB-3BDF-48A9-96FF-D8EFDA0EA620}.Release|Any CPU.Build.0 = Release|Any CPU
		{31F039CF-4285-43BF-B1DC-1C29BBDFE43A}.Debug|Any CPU.ActiveCfg = Debug|Any CPU
		{31F039CF-4285-43BF-B1DC-1C29BBDFE43A}.Debug|Any CPU.Build.0 = Debug|Any CPU
		{31F039CF-4285-43BF-B1DC-1C29BBDFE43A}.Release|Any CPU.ActiveCfg = Release|Any CPU
		{31F039CF-4285-43BF-B1DC-1C29BBDFE43A}.Release|Any CPU.Build.0 = Release|Any CPU
		{865674DE-EC9A-473E-B2F8-FBAD67903B78}.Debug|Any CPU.ActiveCfg = Debug|Any CPU
		{865674DE-EC9A-473E-B2F8-FBAD67903B78}.Debug|Any CPU.Build.0 = Debug|Any CPU
		{865674DE-EC9A-473E-B2F8-FBAD67903B78}.Release|Any CPU.ActiveCfg = Release|Any CPU
		{865674DE-EC9A-473E-B2F8-FBAD67903B78}.Release|Any CPU.Build.0 = Release|Any CPU
		{3ADF1EF5-DAA6-42C9-AA97-560B3778F3FC}.Debug|Any CPU.ActiveCfg = Debug|Any CPU
		{3ADF1EF5-DAA6-42C9-AA97-560B3778F3FC}.Debug|Any CPU.Build.0 = Debug|Any CPU
		{3ADF1EF5-DAA6-42C9-AA97-560B3778F3FC}.Release|Any CPU.ActiveCfg = Release|Any CPU
		{3ADF1EF5-DAA6-42C9-AA97-560B3778F3FC}.Release|Any CPU.Build.0 = Release|Any CPU
		{78E1D71B-EA89-4FD1-AC3E-ABF9CE089EBB}.Debug|Any CPU.ActiveCfg = Debug|Any CPU
		{78E1D71B-EA89-4FD1-AC3E-ABF9CE089EBB}.Debug|Any CPU.Build.0 = Debug|Any CPU
		{78E1D71B-EA89-4FD1-AC3E-ABF9CE089EBB}.Release|Any CPU.ActiveCfg = Release|Any CPU
		{78E1D71B-EA89-4FD1-AC3E-ABF9CE089EBB}.Release|Any CPU.Build.0 = Release|Any CPU
		{912DEB69-96B2-4A03-A8C7-F4A9987FA713}.Debug|Any CPU.ActiveCfg = Debug|Any CPU
		{912DEB69-96B2-4A03-A8C7-F4A9987FA713}.Debug|Any CPU.Build.0 = Debug|Any CPU
		{912DEB69-96B2-4A03-A8C7-F4A9987FA713}.Release|Any CPU.ActiveCfg = Release|Any CPU
		{912DEB69-96B2-4A03-A8C7-F4A9987FA713}.Release|Any CPU.Build.0 = Release|Any CPU
		{E8B94E45-5EAA-43B4-8CEE-8C797FE9A77F}.Debug|Any CPU.ActiveCfg = Debug|Any CPU
		{E8B94E45-5EAA-43B4-8CEE-8C797FE9A77F}.Debug|Any CPU.Build.0 = Debug|Any CPU
		{E8B94E45-5EAA-43B4-8CEE-8C797FE9A77F}.Release|Any CPU.ActiveCfg = Release|Any CPU
		{E8B94E45-5EAA-43B4-8CEE-8C797FE9A77F}.Release|Any CPU.Build.0 = Release|Any CPU
		{B970A4C3-CB32-4D66-B319-DEC7C0F32FB9}.Debug|Any CPU.ActiveCfg = Debug|Any CPU
		{B970A4C3-CB32-4D66-B319-DEC7C0F32FB9}.Debug|Any CPU.Build.0 = Debug|Any CPU
		{B970A4C3-CB32-4D66-B319-DEC7C0F32FB9}.Release|Any CPU.ActiveCfg = Release|Any CPU
		{B970A4C3-CB32-4D66-B319-DEC7C0F32FB9}.Release|Any CPU.Build.0 = Release|Any CPU
		{FFF43094-BD64-43A0-BA0F-A6E842D20E9E}.Debug|Any CPU.ActiveCfg = Debug|Any CPU
		{FFF43094-BD64-43A0-BA0F-A6E842D20E9E}.Debug|Any CPU.Build.0 = Debug|Any CPU
		{FFF43094-BD64-43A0-BA0F-A6E842D20E9E}.Release|Any CPU.ActiveCfg = Release|Any CPU
		{FFF43094-BD64-43A0-BA0F-A6E842D20E9E}.Release|Any CPU.Build.0 = Release|Any CPU
		{2D034F21-126E-4E7E-A736-D118245D5335}.Debug|Any CPU.ActiveCfg = Debug|Any CPU
		{2D034F21-126E-4E7E-A736-D118245D5335}.Debug|Any CPU.Build.0 = Debug|Any CPU
		{2D034F21-126E-4E7E-A736-D118245D5335}.Release|Any CPU.ActiveCfg = Release|Any CPU
		{2D034F21-126E-4E7E-A736-D118245D5335}.Release|Any CPU.Build.0 = Release|Any CPU
		{49CA59E8-31D2-4902-8CAB-A688FE41C52A}.Debug|Any CPU.ActiveCfg = Debug|Any CPU
		{49CA59E8-31D2-4902-8CAB-A688FE41C52A}.Debug|Any CPU.Build.0 = Debug|Any CPU
		{49CA59E8-31D2-4902-8CAB-A688FE41C52A}.Release|Any CPU.ActiveCfg = Release|Any CPU
		{49CA59E8-31D2-4902-8CAB-A688FE41C52A}.Release|Any CPU.Build.0 = Release|Any CPU
		{387F962B-A1A8-45D2-815C-2AE2A9D24A94}.Debug|Any CPU.ActiveCfg = Debug|Any CPU
		{387F962B-A1A8-45D2-815C-2AE2A9D24A94}.Debug|Any CPU.Build.0 = Debug|Any CPU
		{387F962B-A1A8-45D2-815C-2AE2A9D24A94}.Release|Any CPU.ActiveCfg = Release|Any CPU
		{387F962B-A1A8-45D2-815C-2AE2A9D24A94}.Release|Any CPU.Build.0 = Release|Any CPU
	EndGlobalSection
	GlobalSection(SolutionProperties) = preSolution
		HideSolutionNode = FALSE
	EndGlobalSection
	GlobalSection(ExtensibilityGlobals) = postSolution
		SolutionGuid = {E7D77220-F450-418C-9796-3FB44ADAE273}
	EndGlobalSection
EndGlobal
