
Microsoft Visual Studio Solution File, Format Version 12.00
# Visual Studio Version 17
VisualStudioVersion = 17.2.32630.192
MinimumVisualStudioVersion = 10.0.40219.1
Project("{9A19103F-16F7-4668-BE54-9A1E7A4F7556}") = "R5T.F0053", "R5T.F0053\R5T.F0053.csproj", "{B3690972-712D-4263-B3CE-3C7C9A8427AD}"
EndProject
Project("{2150E333-8FDC-42A3-9474-1A3956D46DE8}") = "_Dependencies", "_Dependencies", "{C3EE8CDF-E9AB-4724-B375-ACC40ACBD722}"
EndProject
Project("{9A19103F-16F7-4668-BE54-9A1E7A4F7556}") = "R5T.T0132", "..\..\R5T.T0132\source\R5T.T0132\R5T.T0132.csproj", "{D617A2C4-4A1C-49B9-9EA7-2D7BE33E8C94}"
EndProject
Project("{9A19103F-16F7-4668-BE54-9A1E7A4F7556}") = "R5T.F0054", "..\..\R5T.F0054\source\R5T.F0054\R5T.F0054.csproj", "{495052E7-D3AB-4633-A64A-088AA629B097}"
EndProject
Project("{9A19103F-16F7-4668-BE54-9A1E7A4F7556}") = "R5T.F0000", "..\..\R5T.F0000\source\R5T.F0000\R5T.F0000.csproj", "{55F27DC6-98E8-465C-9E07-3FC51FFA3449}"
EndProject
Project("{9A19103F-16F7-4668-BE54-9A1E7A4F7556}") = "R5T.T0131", "..\..\R5T.T0131\source\R5T.T0131\R5T.T0131.csproj", "{8B81CE7B-18DB-49C5-A223-562C2DBDAE37}"
EndProject
Project("{9A19103F-16F7-4668-BE54-9A1E7A4F7556}") = "R5T.T0142", "..\..\R5T.T0142\source\R5T.T0142\R5T.T0142.csproj", "{08149AFC-808A-4938-ADAD-167D39B0F0B6}"
EndProject
Project("{9A19103F-16F7-4668-BE54-9A1E7A4F7556}") = "R5T.T0143", "..\..\R5T.T0143\source\R5T.T0143\R5T.T0143.csproj", "{A68903EF-05D9-44DD-9EE8-F2A949BADC3B}"
EndProject
Project("{9A19103F-16F7-4668-BE54-9A1E7A4F7556}") = "R5T.Y0000", "..\..\R5T.Y0000\source\R5T.Y0000\R5T.Y0000.csproj", "{651B0DD7-5D33-4B6A-A64A-DEE0466AC5F6}"
EndProject
Project("{9A19103F-16F7-4668-BE54-9A1E7A4F7556}") = "R5T.Z0000", "..\..\R5T.Z0000\source\R5T.Z0000\R5T.Z0000.csproj", "{404E00A6-BC30-435C-933B-BE9D317FEC5E}"
EndProject
Project("{9A19103F-16F7-4668-BE54-9A1E7A4F7556}") = "R5T.L0066", "..\..\R5T.L0066\source\R5T.L0066\R5T.L0066.csproj", "{F1E663D3-147E-4728-B4B1-C87AFDB59469}"
EndProject
Project("{9A19103F-16F7-4668-BE54-9A1E7A4F7556}") = "R5T.T0156", "..\..\R5T.T0156\source\R5T.T0156\R5T.T0156.csproj", "{F9A60957-3212-4A4B-B4A5-4C78BE6610A9}"
EndProject
Project("{9A19103F-16F7-4668-BE54-9A1E7A4F7556}") = "R5T.T0241", "..\..\R5T.T0241\source\R5T.T0241\R5T.T0241.csproj", "{A716BF6F-6C84-4348-A215-CB57D112894F}"
EndProject
Project("{9A19103F-16F7-4668-BE54-9A1E7A4F7556}") = "R5T.Y0006", "..\..\R5T.Y0006\source\R5T.Y0006\R5T.Y0006.csproj", "{91ACACA5-B38E-44FE-9537-A41C41992F2F}"
EndProject
Project("{9A19103F-16F7-4668-BE54-9A1E7A4F7556}") = "R5T.Z0072.Z000", "..\..\R5T.Z0072\source\R5T.Z0072.Z000\R5T.Z0072.Z000.csproj", "{5D17FAC9-1DA7-4999-9D19-2EEB9723AEC7}"
EndProject
Project("{9A19103F-16F7-4668-BE54-9A1E7A4F7556}") = "R5T.Z0072.Z002", "..\..\R5T.Z0072\source\R5T.Z0072.Z002\R5T.Z0072.Z002.csproj", "{7CCE4CAC-4E0D-45D7-BBA1-35BFEB329DEB}"
EndProject
Global
	GlobalSection(NestedProjects) = preSolution
		{D617A2C4-4A1C-49B9-9EA7-2D7BE33E8C94} = {C3EE8CDF-E9AB-4724-B375-ACC40ACBD722}
		{495052E7-D3AB-4633-A64A-088AA629B097} = {C3EE8CDF-E9AB-4724-B375-ACC40ACBD722}
		{55F27DC6-98E8-465C-9E07-3FC51FFA3449} = {C3EE8CDF-E9AB-4724-B375-ACC40ACBD722}
		{8B81CE7B-18DB-49C5-A223-562C2DBDAE37} = {C3EE8CDF-E9AB-4724-B375-ACC40ACBD722}
		{08149AFC-808A-4938-ADAD-167D39B0F0B6} = {C3EE8CDF-E9AB-4724-B375-ACC40ACBD722}
		{A68903EF-05D9-44DD-9EE8-F2A949BADC3B} = {C3EE8CDF-E9AB-4724-B375-ACC40ACBD722}
		{651B0DD7-5D33-4B6A-A64A-DEE0466AC5F6} = {C3EE8CDF-E9AB-4724-B375-ACC40ACBD722}
		{404E00A6-BC30-435C-933B-BE9D317FEC5E} = {C3EE8CDF-E9AB-4724-B375-ACC40ACBD722}
		{F1E663D3-147E-4728-B4B1-C87AFDB59469} = {C3EE8CDF-E9AB-4724-B375-ACC40ACBD722}
		{F9A60957-3212-4A4B-B4A5-4C78BE6610A9} = {C3EE8CDF-E9AB-4724-B375-ACC40ACBD722}
		{A716BF6F-6C84-4348-A215-CB57D112894F} = {C3EE8CDF-E9AB-4724-B375-ACC40ACBD722}
		{91ACACA5-B38E-44FE-9537-A41C41992F2F} = {C3EE8CDF-E9AB-4724-B375-ACC40ACBD722}
		{5D17FAC9-1DA7-4999-9D19-2EEB9723AEC7} = {C3EE8CDF-E9AB-4724-B375-ACC40ACBD722}
		{7CCE4CAC-4E0D-45D7-BBA1-35BFEB329DEB} = {C3EE8CDF-E9AB-4724-B375-ACC40ACBD722}
	EndGlobalSection
	GlobalSection(SolutionConfigurationPlatforms) = preSolution
		Debug|Any CPU = Debug|Any CPU
		Release|Any CPU = Release|Any CPU
	EndGlobalSection
	GlobalSection(ProjectConfigurationPlatforms) = postSolution
		{B3690972-712D-4263-B3CE-3C7C9A8427AD}.Debug|Any CPU.ActiveCfg = Debug|Any CPU
		{B3690972-712D-4263-B3CE-3C7C9A8427AD}.Debug|Any CPU.Build.0 = Debug|Any CPU
		{B3690972-712D-4263-B3CE-3C7C9A8427AD}.Release|Any CPU.ActiveCfg = Release|Any CPU
		{B3690972-712D-4263-B3CE-3C7C9A8427AD}.Release|Any CPU.Build.0 = Release|Any CPU
		{D617A2C4-4A1C-49B9-9EA7-2D7BE33E8C94}.Debug|Any CPU.ActiveCfg = Debug|Any CPU
		{D617A2C4-4A1C-49B9-9EA7-2D7BE33E8C94}.Debug|Any CPU.Build.0 = Debug|Any CPU
		{D617A2C4-4A1C-49B9-9EA7-2D7BE33E8C94}.Release|Any CPU.ActiveCfg = Release|Any CPU
		{D617A2C4-4A1C-49B9-9EA7-2D7BE33E8C94}.Release|Any CPU.Build.0 = Release|Any CPU
		{495052E7-D3AB-4633-A64A-088AA629B097}.Debug|Any CPU.ActiveCfg = Debug|Any CPU
		{495052E7-D3AB-4633-A64A-088AA629B097}.Debug|Any CPU.Build.0 = Debug|Any CPU
		{495052E7-D3AB-4633-A64A-088AA629B097}.Release|Any CPU.ActiveCfg = Release|Any CPU
		{495052E7-D3AB-4633-A64A-088AA629B097}.Release|Any CPU.Build.0 = Release|Any CPU
		{55F27DC6-98E8-465C-9E07-3FC51FFA3449}.Debug|Any CPU.ActiveCfg = Debug|Any CPU
		{55F27DC6-98E8-465C-9E07-3FC51FFA3449}.Debug|Any CPU.Build.0 = Debug|Any CPU
		{55F27DC6-98E8-465C-9E07-3FC51FFA3449}.Release|Any CPU.ActiveCfg = Release|Any CPU
		{55F27DC6-98E8-465C-9E07-3FC51FFA3449}.Release|Any CPU.Build.0 = Release|Any CPU
		{8B81CE7B-18DB-49C5-A223-562C2DBDAE37}.Debug|Any CPU.ActiveCfg = Debug|Any CPU
		{8B81CE7B-18DB-49C5-A223-562C2DBDAE37}.Debug|Any CPU.Build.0 = Debug|Any CPU
		{8B81CE7B-18DB-49C5-A223-562C2DBDAE37}.Release|Any CPU.ActiveCfg = Release|Any CPU
		{8B81CE7B-18DB-49C5-A223-562C2DBDAE37}.Release|Any CPU.Build.0 = Release|Any CPU
		{08149AFC-808A-4938-ADAD-167D39B0F0B6}.Debug|Any CPU.ActiveCfg = Debug|Any CPU
		{08149AFC-808A-4938-ADAD-167D39B0F0B6}.Debug|Any CPU.Build.0 = Debug|Any CPU
		{08149AFC-808A-4938-ADAD-167D39B0F0B6}.Release|Any CPU.ActiveCfg = Release|Any CPU
		{08149AFC-808A-4938-ADAD-167D39B0F0B6}.Release|Any CPU.Build.0 = Release|Any CPU
		{A68903EF-05D9-44DD-9EE8-F2A949BADC3B}.Debug|Any CPU.ActiveCfg = Debug|Any CPU
		{A68903EF-05D9-44DD-9EE8-F2A949BADC3B}.Debug|Any CPU.Build.0 = Debug|Any CPU
		{A68903EF-05D9-44DD-9EE8-F2A949BADC3B}.Release|Any CPU.ActiveCfg = Release|Any CPU
		{A68903EF-05D9-44DD-9EE8-F2A949BADC3B}.Release|Any CPU.Build.0 = Release|Any CPU
		{651B0DD7-5D33-4B6A-A64A-DEE0466AC5F6}.Debug|Any CPU.ActiveCfg = Debug|Any CPU
		{651B0DD7-5D33-4B6A-A64A-DEE0466AC5F6}.Debug|Any CPU.Build.0 = Debug|Any CPU
		{651B0DD7-5D33-4B6A-A64A-DEE0466AC5F6}.Release|Any CPU.ActiveCfg = Release|Any CPU
		{651B0DD7-5D33-4B6A-A64A-DEE0466AC5F6}.Release|Any CPU.Build.0 = Release|Any CPU
		{404E00A6-BC30-435C-933B-BE9D317FEC5E}.Debug|Any CPU.ActiveCfg = Debug|Any CPU
		{404E00A6-BC30-435C-933B-BE9D317FEC5E}.Debug|Any CPU.Build.0 = Debug|Any CPU
		{404E00A6-BC30-435C-933B-BE9D317FEC5E}.Release|Any CPU.ActiveCfg = Release|Any CPU
		{404E00A6-BC30-435C-933B-BE9D317FEC5E}.Release|Any CPU.Build.0 = Release|Any CPU
		{F1E663D3-147E-4728-B4B1-C87AFDB59469}.Debug|Any CPU.ActiveCfg = Debug|Any CPU
		{F1E663D3-147E-4728-B4B1-C87AFDB59469}.Debug|Any CPU.Build.0 = Debug|Any CPU
		{F1E663D3-147E-4728-B4B1-C87AFDB59469}.Release|Any CPU.ActiveCfg = Release|Any CPU
		{F1E663D3-147E-4728-B4B1-C87AFDB59469}.Release|Any CPU.Build.0 = Release|Any CPU
		{F9A60957-3212-4A4B-B4A5-4C78BE6610A9}.Debug|Any CPU.ActiveCfg = Debug|Any CPU
		{F9A60957-3212-4A4B-B4A5-4C78BE6610A9}.Debug|Any CPU.Build.0 = Debug|Any CPU
		{F9A60957-3212-4A4B-B4A5-4C78BE6610A9}.Release|Any CPU.ActiveCfg = Release|Any CPU
		{F9A60957-3212-4A4B-B4A5-4C78BE6610A9}.Release|Any CPU.Build.0 = Release|Any CPU
		{A716BF6F-6C84-4348-A215-CB57D112894F}.Debug|Any CPU.ActiveCfg = Debug|Any CPU
		{A716BF6F-6C84-4348-A215-CB57D112894F}.Debug|Any CPU.Build.0 = Debug|Any CPU
		{A716BF6F-6C84-4348-A215-CB57D112894F}.Release|Any CPU.ActiveCfg = Release|Any CPU
		{A716BF6F-6C84-4348-A215-CB57D112894F}.Release|Any CPU.Build.0 = Release|Any CPU
		{91ACACA5-B38E-44FE-9537-A41C41992F2F}.Debug|Any CPU.ActiveCfg = Debug|Any CPU
		{91ACACA5-B38E-44FE-9537-A41C41992F2F}.Debug|Any CPU.Build.0 = Debug|Any CPU
		{91ACACA5-B38E-44FE-9537-A41C41992F2F}.Release|Any CPU.ActiveCfg = Release|Any CPU
		{91ACACA5-B38E-44FE-9537-A41C41992F2F}.Release|Any CPU.Build.0 = Release|Any CPU
		{5D17FAC9-1DA7-4999-9D19-2EEB9723AEC7}.Debug|Any CPU.ActiveCfg = Debug|Any CPU
		{5D17FAC9-1DA7-4999-9D19-2EEB9723AEC7}.Debug|Any CPU.Build.0 = Debug|Any CPU
		{5D17FAC9-1DA7-4999-9D19-2EEB9723AEC7}.Release|Any CPU.ActiveCfg = Release|Any CPU
		{5D17FAC9-1DA7-4999-9D19-2EEB9723AEC7}.Release|Any CPU.Build.0 = Release|Any CPU
		{7CCE4CAC-4E0D-45D7-BBA1-35BFEB329DEB}.Debug|Any CPU.ActiveCfg = Debug|Any CPU
		{7CCE4CAC-4E0D-45D7-BBA1-35BFEB329DEB}.Debug|Any CPU.Build.0 = Debug|Any CPU
		{7CCE4CAC-4E0D-45D7-BBA1-35BFEB329DEB}.Release|Any CPU.ActiveCfg = Release|Any CPU
		{7CCE4CAC-4E0D-45D7-BBA1-35BFEB329DEB}.Release|Any CPU.Build.0 = Release|Any CPU
	EndGlobalSection
	GlobalSection(SolutionProperties) = preSolution
		HideSolutionNode = FALSE
	EndGlobalSection
	GlobalSection(ExtensibilityGlobals) = postSolution
		SolutionGuid = {EDC21A6D-4F6A-4E8B-84FB-7171845224D8}
	EndGlobalSection
EndGlobal
